
Microsoft Visual Studio Solution File, Format Version 12.00
# Visual Studio Version 16
VisualStudioVersion = 16.0.32126.315
MinimumVisualStudioVersion = 10.0.40219.1
Project("{FAE04EC0-301F-11D3-BF4B-00C04F79EFBC}") = "WebAppaus", "WebAppaus.csproj", "{3B14E028-EC1D-4287-9BF0-257D4B5EEF05}"
EndProject
Global
	GlobalSection(SolutionConfigurationPlatforms) = preSolution
		Debug|Any CPU = Debug|Any CPU
		Release|Any CPU = Release|Any CPU
	EndGlobalSection
	GlobalSection(ProjectConfigurationPlatforms) = postSolution
		{3B14E028-EC1D-4287-9BF0-257D4B5EEF05}.Debug|Any CPU.ActiveCfg = Debug|Any CPU
		{3B14E028-EC1D-4287-9BF0-257D4B5EEF05}.Debug|Any CPU.Build.0 = Debug|Any CPU
		{3B14E028-EC1D-4287-9BF0-257D4B5EEF05}.Release|Any CPU.ActiveCfg = Release|Any CPU
		{3B14E028-EC1D-4287-9BF0-257D4B5EEF05}.Release|Any CPU.Build.0 = Release|Any CPU
	EndGlobalSection
	GlobalSection(SolutionProperties) = preSolution
		HideSolutionNode = FALSE
	EndGlobalSection
	GlobalSection(ExtensibilityGlobals) = postSolution
		SolutionGuid = {D9420904-1A54-4D0C-8DB7-829B52ACC96D}
	EndGlobalSection
EndGlobal
